
Microsoft Visual Studio Solution File, Format Version 12.00
# Visual Studio Version 17
VisualStudioVersion = 17.14.36930.0 d17.14
MinimumVisualStudioVersion = 10.0.40219.1
Project("{FAE04EC0-301F-11D3-BF4B-00C04F79EFBC}") = "practica5web", "practica5web.csproj", "{290257B2-99AE-4FF4-8BCA-9E2F1FD920E9}"
EndProject
Global
	GlobalSection(SolutionConfigurationPlatforms) = preSolution
		Debug|Any CPU = Debug|Any CPU
		Release|Any CPU = Release|Any CPU
	EndGlobalSection
	GlobalSection(ProjectConfigurationPlatforms) = postSolution
		{290257B2-99AE-4FF4-8BCA-9E2F1FD920E9}.Debug|Any CPU.ActiveCfg = Debug|Any CPU
		{290257B2-99AE-4FF4-8BCA-9E2F1FD920E9}.Debug|Any CPU.Build.0 = Debug|Any CPU
		{290257B2-99AE-4FF4-8BCA-9E2F1FD920E9}.Release|Any CPU.ActiveCfg = Release|Any CPU
		{290257B2-99AE-4FF4-8BCA-9E2F1FD920E9}.Release|Any CPU.Build.0 = Release|Any CPU
	EndGlobalSection
	GlobalSection(SolutionProperties) = preSolution
		HideSolutionNode = FALSE
	EndGlobalSection
	GlobalSection(ExtensibilityGlobals) = postSolution
		SolutionGuid = {7383212B-E98C-45B0-A82F-29E530A61DFB}
	EndGlobalSection
EndGlobal
